
Microsoft Visual Studio Solution File, Format Version 12.00
# Visual Studio Version 17
VisualStudioVersion = 17.0.31903.59
MinimumVisualStudioVersion = 10.0.40219.1
Project("{FAE04EC0-301F-11D3-BF4B-00C04F79EFBC}") = "Charon.Core", "Charon.Core\Charon.Core.csproj", "{0D1018E1-57C4-479B-ABE6-57EFCA2DCEFA}"
EndProject
Project("{FAE04EC0-301F-11D3-BF4B-00C04F79EFBC}") = "Charon.Core.Tests", "Charon.Core.Tests\Charon.Core.Tests.csproj", "{0F1703EF-0697-460D-9570-34F883D5DBFC}"
EndProject
Project("{FAE04EC0-301F-11D3-BF4B-00C04F79EFBC}") = "Charon.Web", "Charon.Web\Charon.Web.csproj", "{89C7DB98-C1D8-441D-9492-4CA1A66C78D9}"
EndProject
Project("{FAE04EC0-301F-11D3-BF4B-00C04F79EFBC}") = "Charon.Dojo", "Charon.Dojo\Charon.Dojo.csproj", "{E45AFCD4-7D4C-4CF7-8D5A-2E5282F7EB00}"
EndProject
Project("{FAE04EC0-301F-11D3-BF4B-00C04F79EFBC}") = "Charon.Dojo.Tests", "Charon.Dojo.Tests\Charon.Dojo.Tests.csproj", "{CC543712-B8DB-4FD5-BD33-DEA84A42F220}"
EndProject
Project("{FAE04EC0-301F-11D3-BF4B-00C04F79EFBC}") = "Charon.Cli", "Charon.Cli\Charon.Cli.csproj", "{1684CE7E-AE9D-4A01-91F6-4546B2C793EF}"
EndProject
Project("{FAE04EC0-301F-11D3-BF4B-00C04F79EFBC}") = "Charon.Elastic", "Charon.Elastic\Charon.Elastic.csproj", "{C3703E0D-550F-4B75-89B3-F6207E448153}"
EndProject
Project("{FAE04EC0-301F-11D3-BF4B-00C04F79EFBC}") = "Charon.Hosting", "Charon.Hosting\Charon.Hosting.csproj", "{9BE22FE0-DCB9-4343-A83F-68FD14FA253D}"
EndProject
Project("{FAE04EC0-301F-11D3-BF4B-00C04F79EFBC}") = "Charon.Hosting.Tests", "Charon.Hosting.Tests\Charon.Hosting.Tests.csproj", "{541F51F4-CB42-42F8-B9FF-9DA4650AA225}"
EndProject
Global
	GlobalSection(SolutionConfigurationPlatforms) = preSolution
		Debug|Any CPU = Debug|Any CPU
		Debug|x64 = Debug|x64
		Debug|x86 = Debug|x86
		Release|Any CPU = Release|Any CPU
		Release|x64 = Release|x64
		Release|x86 = Release|x86
	EndGlobalSection
	GlobalSection(ProjectConfigurationPlatforms) = postSolution
		{0D1018E1-57C4-479B-ABE6-57EFCA2DCEFA}.Debug|Any CPU.ActiveCfg = Debug|Any CPU
		{0D1018E1-57C4-479B-ABE6-57EFCA2DCEFA}.Debug|Any CPU.Build.0 = Debug|Any CPU
		{0D1018E1-57C4-479B-ABE6-57EFCA2DCEFA}.Debug|x64.ActiveCfg = Debug|Any CPU
		{0D1018E1-57C4-479B-ABE6-57EFCA2DCEFA}.Debug|x64.Build.0 = Debug|Any CPU
		{0D1018E1-57C4-479B-ABE6-57EFCA2DCEFA}.Debug|x86.ActiveCfg = Debug|Any CPU
		{0D1018E1-57C4-479B-ABE6-57EFCA2DCEFA}.Debug|x86.Build.0 = Debug|Any CPU
		{0D1018E1-57C4-479B-ABE6-57EFCA2DCEFA}.Release|Any CPU.ActiveCfg = Release|Any CPU
		{0D1018E1-57C4-479B-ABE6-57EFCA2DCEFA}.Release|Any CPU.Build.0 = Release|Any CPU
		{0D1018E1-57C4-479B-ABE6-57EFCA2DCEFA}.Release|x64.ActiveCfg = Release|Any CPU
		{0D1018E1-57C4-479B-ABE6-57EFCA2DCEFA}.Release|x64.Build.0 = Release|Any CPU
		{0D1018E1-57C4-479B-ABE6-57EFCA2DCEFA}.Release|x86.ActiveCfg = Release|Any CPU
		{0D1018E1-57C4-479B-ABE6-57EFCA2DCEFA}.Release|x86.Build.0 = Release|Any CPU
		{0F1703EF-0697-460D-9570-34F883D5DBFC}.Debug|Any CPU.ActiveCfg = Debug|Any CPU
		{0F1703EF-0697-460D-9570-34F883D5DBFC}.Debug|Any CPU.Build.0 = Debug|Any CPU
		{0F1703EF-0697-460D-9570-34F883D5DBFC}.Debug|x64.ActiveCfg = Debug|Any CPU
		{0F1703EF-0697-460D-9570-34F883D5DBFC}.Debug|x64.Build.0 = Debug|Any CPU
		{0F1703EF-0697-460D-9570-34F883D5DBFC}.Debug|x86.ActiveCfg = Debug|Any CPU
		{0F1703EF-0697-460D-9570-34F883D5DBFC}.Debug|x86.Build.0 = Debug|Any CPU
		{0F1703EF-0697-460D-9570-34F883D5DBFC}.Release|Any CPU.ActiveCfg = Release|Any CPU
		{0F1703EF-0697-460D-9570-34F883D5DBFC}.Release|Any CPU.Build.0 = Release|Any CPU
		{0F1703EF-0697-460D-9570-34F883D5DBFC}.Release|x64.ActiveCfg = Release|Any CPU
		{0F1703EF-0697-460D-9570-34F883D5DBFC}.Release|x64.Build.0 = Release|Any CPU
		{0F1703EF-0697-460D-9570-34F883D5DBFC}.Release|x86.ActiveCfg = Release|Any CPU
		{0F1703EF-0697-460D-9570-34F883D5DBFC}.Release|x86.Build.0 = Release|Any CPU
		{89C7DB98-C1D8-441D-9492-4CA1A66C78D9}.Debug|Any CPU.ActiveCfg = Debug|Any CPU
		{89C7DB98-C1D8-441D-9492-4CA1A66C78D9}.Debug|Any CPU.Build.0 = Debug|Any CPU
		{89C7DB98-C1D8-441D-9492-4CA1A66C78D9}.Debug|x64.ActiveCfg = Debug|Any CPU
		{89C7DB98-C1D8-441D-9492-4CA1A66C78D9}.Debug|x64.Build.0 = Debug|Any CPU
		{89C7DB98-C1D8-441D-9492-4CA1A66C78D9}.Debug|x86.ActiveCfg = Debug|Any CPU
		{89C7DB98-C1D8-441D-9492-4CA1A66C78D9}.Debug|x86.Build.0 = Debug|Any CPU
		{89C7DB98-C1D8-441D-9492-4CA1A66C78D9}.Release|Any CPU.ActiveCfg = Release|Any CPU
		{89C7DB98-C1D8-441D-9492-4CA1A66C78D9}.Release|Any CPU.Build.0 = Release|Any CPU
		{89C7DB98-C1D8-441D-9492-4CA1A66C78D9}.Release|x64.ActiveCfg = Release|Any CPU
		{89C7DB98-C1D8-441D-9492-4CA1A66C78D9}.Release|x64.Build.0 = Release|Any CPU
		{89C7DB98-C1D8-441D-9492-4CA1A66C78D9}.Release|x86.ActiveCfg = Release|Any CPU
		{89C7DB98-C1D8-441D-9492-4CA1A66C78D9}.Release|x86.Build.0 = Release|Any CPU
		{E45AFCD4-7D4C-4CF7-8D5A-2E5282F7EB00}.Debug|Any CPU.ActiveCfg = Debug|Any CPU
		{E45AFCD4-7D4C-4CF7-8D5A-2E5282F7EB00}.Debug|Any CPU.Build.0 = Debug|Any CPU
		{E45AFCD4-7D4C-4CF7-8D5A-2E5282F7EB00}.Debug|x64.ActiveCfg = Debug|Any CPU
		{E45AFCD4-7D4C-4CF7-8D5A-2E5282F7EB00}.Debug|x64.Build.0 = Debug|Any CPU
		{E45AFCD4-7D4C-4CF7-8D5A-2E5282F7EB00}.Debug|x86.ActiveCfg = Debug|Any CPU
		{E45AFCD4-7D4C-4CF7-8D5A-2E5282F7EB00}.Debug|x86.Build.0 = Debug|Any CPU
		{E45AFCD4-7D4C-4CF7-8D5A-2E5282F7EB00}.Release|Any CPU.ActiveCfg = Release|Any CPU
		{E45AFCD4-7D4C-4CF7-8D5A-2E5282F7EB00}.Release|Any CPU.Build.0 = Release|Any CPU
		{E45AFCD4-7D4C-4CF7-8D5A-2E5282F7EB00}.Release|x64.ActiveCfg = Release|Any CPU
		{E45AFCD4-7D4C-4CF7-8D5A-2E5282F7EB00}.Release|x64.Build.0 = Release|Any CPU
		{E45AFCD4-7D4C-4CF7-8D5A-2E5282F7EB00}.Release|x86.ActiveCfg = Release|Any CPU
		{E45AFCD4-7D4C-4CF7-8D5A-2E5282F7EB00}.Release|x86.Build.0 = Release|Any CPU
		{CC543712-B8DB-4FD5-BD33-DEA84A42F220}.Debug|Any CPU.ActiveCfg = Debug|Any CPU
		{CC543712-B8DB-4FD5-BD33-DEA84A42F220}.Debug|Any CPU.Build.0 = Debug|Any CPU
		{CC543712-B8DB-4FD5-BD33-DEA84A42F220}.Debug|x64.ActiveCfg = Debug|Any CPU
		{CC543712-B8DB-4FD5-BD33-DEA84A42F220}.Debug|x64.Build.0 = Debug|Any CPU
		{CC543712-B8DB-4FD5-BD33-DEA84A42F220}.Debug|x86.ActiveCfg = Debug|Any CPU
		{CC543712-B8DB-4FD5-BD33-DEA84A42F220}.Debug|x86.Build.0 = Debug|Any CPU
		{CC543712-B8DB-4FD5-BD33-DEA84A42F220}.Release|Any CPU.ActiveCfg = Release|Any CPU
		{CC543712-B8DB-4FD5-BD33-DEA84A42F220}.Release|Any CPU.Build.0 = Release|Any CPU
		{CC543712-B8DB-4FD5-BD33-DEA84A42F220}.Release|x64.ActiveCfg = Release|Any CPU
		{CC543712-B8DB-4FD5-BD33-DEA84A42F220}.Release|x64.Build.0 = Release|Any CPU
		{CC543712-B8DB-4FD5-BD33-DEA84A42F220}.Release|x86.ActiveCfg = Release|Any CPU
		{CC543712-B8DB-4FD5-BD33-DEA84A42F220}.Release|x86.Build.0 = Release|Any CPU
		{1684CE7E-AE9D-4A01-91F6-4546B2C793EF}.Debug|Any CPU.ActiveCfg = Debug|Any CPU
		{1684CE7E-AE9D-4A01-91F6-4546B2C793EF}.Debug|Any CPU.Build.0 = Debug|Any CPU
		{1684CE7E-AE9D-4A01-91F6-4546B2C793EF}.Debug|x64.ActiveCfg = Debug|Any CPU
		{1684CE7E-AE9D-4A01-91F6-4546B2C793EF}.Debug|x64.Build.0 = Debug|Any CPU
		{1684CE7E-AE9D-4A01-91F6-4546B2C793EF}.Debug|x86.ActiveCfg = Debug|Any CPU
		{1684CE7E-AE9D-4A01-91F6-4546B2C793EF}.Debug|x86.Build.0 = Debug|Any CPU
		{1684CE7E-AE9D-4A01-91F6-4546B2C793EF}.Release|Any CPU.ActiveCfg = Release|Any CPU
		{1684CE7E-AE9D-4A01-91F6-4546B2C793EF}.Release|Any CPU.Build.0 = Release|Any CPU
		{1684CE7E-AE9D-4A01-91F6-4546B2C793EF}.Release|x64.ActiveCfg = Release|Any CPU
		{1684CE7E-AE9D-4A01-91F6-4546B2C793EF}.Release|x64.Build.0 = Release|Any CPU
		{1684CE7E-AE9D-4A01-91F6-4546B2C793EF}.Release|x86.ActiveCfg = Release|Any CPU
		{1684CE7E-AE9D-4A01-91F6-4546B2C793EF}.Release|x86.Build.0 = Release|Any CPU
		{C3703E0D-550F-4B75-89B3-F6207E448153}.Debug|Any CPU.ActiveCfg = Debug|Any CPU
		{C3703E0D-550F-4B75-89B3-F6207E448153}.Debug|Any CPU.Build.0 = Debug|Any CPU
		{C3703E0D-550F-4B75-89B3-F6207E448153}.Debug|x64.ActiveCfg = Debug|Any CPU
		{C3703E0D-550F-4B75-89B3-F6207E448153}.Debug|x64.Build.0 = Debug|Any CPU
		{C3703E0D-550F-4B75-89B3-F6207E448153}.Debug|x86.ActiveCfg = Debug|Any CPU
		{C3703E0D-550F-4B75-89B3-F6207E448153}.Debug|x86.Build.0 = Debug|Any CPU
		{C3703E0D-550F-4B75-89B3-F6207E448153}.Release|Any CPU.ActiveCfg = Release|Any CPU
		{C3703E0D-550F-4B75-89B3-F6207E448153}.Release|Any CPU.Build.0 = Release|Any CPU
		{C3703E0D-550F-4B75-89B3-F6207E448153}.Release|x64.ActiveCfg = Release|Any CPU
		{C3703E0D-550F-4B75-89B3-F6207E448153}.Release|x64.Build.0 = Release|Any CPU
		{C3703E0D-550F-4B75-89B3-F6207E448153}.Release|x86.ActiveCfg = Release|Any CPU
		{C3703E0D-550F-4B75-89B3-F6207E448153}.Release|x86.Build.0 = Release|Any CPU
		{9BE22FE0-DCB9-4343-A83F-68FD14FA253D}.Debug|Any CPU.ActiveCfg = Debug|Any CPU
		{9BE22FE0-DCB9-4343-A83F-68FD14FA253D}.Debug|Any CPU.Build.0 = Debug|Any CPU
		{9BE22FE0-DCB9-4343-A83F-68FD14FA253D}.Debug|x64.ActiveCfg = Debug|Any CPU
		{9BE22FE0-DCB9-4343-A83F-68FD14FA253D}.Debug|x64.Build.0 = Debug|Any CPU
		{9BE22FE0-DCB9-4343-A83F-68FD14FA253D}.Debug|x86.ActiveCfg = Debug|Any CPU
		{9BE22FE0-DCB9-4343-A83F-68FD14FA253D}.Debug|x86.Build.0 = Debug|Any CPU
		{9BE22FE0-DCB9-4343-A83F-68FD14FA253D}.Release|Any CPU.ActiveCfg = Release|Any CPU
		{9BE22FE0-DCB9-4343-A83F-68FD14FA253D}.Release|Any CPU.Build.0 = Release|Any CPU
		{9BE22FE0-DCB9-4343-A83F-68FD14FA253D}.Release|x64.ActiveCfg = Release|Any CPU
		{9BE22FE0-DCB9-4343-A83F-68FD14FA253D}.Release|x64.Build.0 = Release|Any CPU
		{9BE22FE0-DCB9-4343-A83F-68FD14FA253D}.Release|x86.ActiveCfg = Release|Any CPU
		{9BE22FE0-DCB9-4343-A83F-68FD14FA253D}.Release|x86.Build.0 = Release|Any CPU
		{541F51F4-CB42-42F8-B9FF-9DA4650AA225}.Debug|Any CPU.ActiveCfg = Debug|Any CPU
		{541F51F4-CB42-42F8-B9FF-9DA4650AA225}.Debug|Any CPU.Build.0 = Debug|Any CPU
		{541F51F4-CB42-42F8-B9FF-9DA4650AA225}.Debug|x64.ActiveCfg = Debug|Any CPU
		{541F51F4-CB42-42F8-B9FF-9DA4650AA225}.Debug|x64.Build.0 = Debug|Any CPU
		{541F51F4-CB42-42F8-B9FF-9DA4650AA225}.Debug|x86.ActiveCfg = Debug|Any CPU
		{541F51F4-CB42-42F8-B9FF-9DA4650AA225}.Debug|x86.Build.0 = Debug|Any CPU
		{541F51F4-CB42-42F8-B9FF-9DA4650AA225}.Release|Any CPU.ActiveCfg = Release|Any CPU
		{541F51F4-CB42-42F8-B9FF-9DA4650AA225}.Release|Any CPU.Build.0 = Release|Any CPU
		{541F51F4-CB42-42F8-B9FF-9DA4650AA225}.Release|x64.ActiveCfg = Release|Any CPU
		{541F51F4-CB42-42F8-B9FF-9DA4650AA225}.Release|x64.Build.0 = Release|Any CPU
		{541F51F4-CB42-42F8-B9FF-9DA4650AA225}.Release|x86.ActiveCfg = Release|Any CPU
		{541F51F4-CB42-42F8-B9FF-9DA4650AA225}.Release|x86.Build.0 = Release|Any CPU
	EndGlobalSection
	GlobalSection(SolutionProperties) = preSolution
		HideSolutionNode = FALSE
	EndGlobalSection
EndGlobal
